
Microsoft Visual Studio Solution File, Format Version 12.00
# Visual Studio Version 17
VisualStudioVersion = 17.8.34408.163
MinimumVisualStudioVersion = 10.0.40219.1
Project("{FAE04EC0-301F-11D3-BF4B-00C04F79EFBC}") = "Trabalho_Final", "Trabalho_Final\Trabalho_Final.csproj", "{6BCE70E5-764B-4737-B3CD-FED010FA3242}"
EndProject
Global
	GlobalSection(SolutionConfigurationPlatforms) = preSolution
		Debug|Any CPU = Debug|Any CPU
		Release|Any CPU = Release|Any CPU
	EndGlobalSection
	GlobalSection(ProjectConfigurationPlatforms) = postSolution
		{6BCE70E5-764B-4737-B3CD-FED010FA3242}.Debug|Any CPU.ActiveCfg = Debug|Any CPU
		{6BCE70E5-764B-4737-B3CD-FED010FA3242}.Debug|Any CPU.Build.0 = Debug|Any CPU
		{6BCE70E5-764B-4737-B3CD-FED010FA3242}.Release|Any CPU.ActiveCfg = Release|Any CPU
		{6BCE70E5-764B-4737-B3CD-FED010FA3242}.Release|Any CPU.Build.0 = Release|Any CPU
	EndGlobalSection
	GlobalSection(SolutionProperties) = preSolution
		HideSolutionNode = FALSE
	EndGlobalSection
	GlobalSection(ExtensibilityGlobals) = postSolution
		SolutionGuid = {3587724A-5A96-444B-9454-32BFAD6056E4}
	EndGlobalSection
EndGlobal
